
Microsoft Visual Studio Solution File, Format Version 12.00
# Visual Studio Version 17
VisualStudioVersion = 17.5.33516.290
MinimumVisualStudioVersion = 10.0.40219.1
Project("{FAE04EC0-301F-11D3-BF4B-00C04F79EFBC}") = "eMovieTickets", "eMovieTickets.csproj", "{757AEAEC-0D72-48CB-BC13-EAA0AD32AD6B}"
EndProject
Global
	GlobalSection(SolutionConfigurationPlatforms) = preSolution
		Debug|Any CPU = Debug|Any CPU
		Release|Any CPU = Release|Any CPU
	EndGlobalSection
	GlobalSection(ProjectConfigurationPlatforms) = postSolution
		{757AEAEC-0D72-48CB-BC13-EAA0AD32AD6B}.Debug|Any CPU.ActiveCfg = Debug|Any CPU
		{757AEAEC-0D72-48CB-BC13-EAA0AD32AD6B}.Debug|Any CPU.Build.0 = Debug|Any CPU
		{757AEAEC-0D72-48CB-BC13-EAA0AD32AD6B}.Release|Any CPU.ActiveCfg = Release|Any CPU
		{757AEAEC-0D72-48CB-BC13-EAA0AD32AD6B}.Release|Any CPU.Build.0 = Release|Any CPU
	EndGlobalSection
	GlobalSection(SolutionProperties) = preSolution
		HideSolutionNode = FALSE
	EndGlobalSection
	GlobalSection(ExtensibilityGlobals) = postSolution
		SolutionGuid = {D9B3B15E-46BB-4162-A878-70020EF518A0}
	EndGlobalSection
EndGlobal
